
Microsoft Visual Studio Solution File, Format Version 12.00
# Visual Studio Version 16
VisualStudioVersion = 16.0.32929.386
MinimumVisualStudioVersion = 10.0.40219.1
Project("{FAE04EC0-301F-11D3-BF4B-00C04F79EFBC}") = "ProcessoExterno", "ProcessoExterno\ProcessoExterno.csproj", "{F565FB9A-3149-43A8-90F6-A22789D549E0}"
EndProject
Global
	GlobalSection(SolutionConfigurationPlatforms) = preSolution
		Debug|Any CPU = Debug|Any CPU
		Release|Any CPU = Release|Any CPU
	EndGlobalSection
	GlobalSection(ProjectConfigurationPlatforms) = postSolution
		{F565FB9A-3149-43A8-90F6-A22789D549E0}.Debug|Any CPU.ActiveCfg = Debug|Any CPU
		{F565FB9A-3149-43A8-90F6-A22789D549E0}.Debug|Any CPU.Build.0 = Debug|Any CPU
		{F565FB9A-3149-43A8-90F6-A22789D549E0}.Release|Any CPU.ActiveCfg = Release|Any CPU
		{F565FB9A-3149-43A8-90F6-A22789D549E0}.Release|Any CPU.Build.0 = Release|Any CPU
	EndGlobalSection
	GlobalSection(SolutionProperties) = preSolution
		HideSolutionNode = FALSE
	EndGlobalSection
	GlobalSection(ExtensibilityGlobals) = postSolution
		SolutionGuid = {7443B39A-92E1-4BE7-B182-19551E14CFE8}
	EndGlobalSection
EndGlobal
