
Microsoft Visual Studio Solution File, Format Version 12.00
# Visual Studio Version 16
VisualStudioVersion = 16.0.32929.386
MinimumVisualStudioVersion = 10.0.40219.1
Project("{FAE04EC0-301F-11D3-BF4B-00C04F79EFBC}") = "Csharp_desktop", "Csharp_desktop.csproj", "{BDC58465-8971-4591-9C70-62138FE95A15}"
EndProject
Global
	GlobalSection(SolutionConfigurationPlatforms) = preSolution
		Debug|Any CPU = Debug|Any CPU
		Release|Any CPU = Release|Any CPU
	EndGlobalSection
	GlobalSection(ProjectConfigurationPlatforms) = postSolution
		{BDC58465-8971-4591-9C70-62138FE95A15}.Debug|Any CPU.ActiveCfg = Debug|Any CPU
		{BDC58465-8971-4591-9C70-62138FE95A15}.Debug|Any CPU.Build.0 = Debug|Any CPU
		{BDC58465-8971-4591-9C70-62138FE95A15}.Release|Any CPU.ActiveCfg = Release|Any CPU
		{BDC58465-8971-4591-9C70-62138FE95A15}.Release|Any CPU.Build.0 = Release|Any CPU
	EndGlobalSection
	GlobalSection(SolutionProperties) = preSolution
		HideSolutionNode = FALSE
	EndGlobalSection
	GlobalSection(ExtensibilityGlobals) = postSolution
		SolutionGuid = {E12D9A6C-D688-466E-A1CB-D55EBA1EDCB2}
	EndGlobalSection
EndGlobal
