
Microsoft Visual Studio Solution File, Format Version 12.00
# Visual Studio Version 16
VisualStudioVersion = 16.0.32929.386
MinimumVisualStudioVersion = 10.0.40219.1
Project("{FAE04EC0-301F-11D3-BF4B-00C04F79EFBC}") = "Teste1", "Teste1.csproj", "{01F8A9CA-2465-488E-924E-F8570935CB61}"
EndProject
Global
	GlobalSection(SolutionConfigurationPlatforms) = preSolution
		Debug|Any CPU = Debug|Any CPU
		Release|Any CPU = Release|Any CPU
	EndGlobalSection
	GlobalSection(ProjectConfigurationPlatforms) = postSolution
		{01F8A9CA-2465-488E-924E-F8570935CB61}.Debug|Any CPU.ActiveCfg = Debug|Any CPU
		{01F8A9CA-2465-488E-924E-F8570935CB61}.Debug|Any CPU.Build.0 = Debug|Any CPU
		{01F8A9CA-2465-488E-924E-F8570935CB61}.Release|Any CPU.ActiveCfg = Release|Any CPU
		{01F8A9CA-2465-488E-924E-F8570935CB61}.Release|Any CPU.Build.0 = Release|Any CPU
	EndGlobalSection
	GlobalSection(SolutionProperties) = preSolution
		HideSolutionNode = FALSE
	EndGlobalSection
	GlobalSection(ExtensibilityGlobals) = postSolution
		SolutionGuid = {88A9D5E3-074C-47F3-BE29-FB80C5930FC5}
	EndGlobalSection
EndGlobal
