
Microsoft Visual Studio Solution File, Format Version 12.00
# Visual Studio Version 16
VisualStudioVersion = 16.0.31515.178
MinimumVisualStudioVersion = 10.0.40219.1
Project("{FAE04EC0-301F-11D3-BF4B-00C04F79EFBC}") = "Aula_console", "Aula_console.csproj", "{B29E68CC-60AD-4980-B463-F417A7C9059E}"
EndProject
Global
	GlobalSection(SolutionConfigurationPlatforms) = preSolution
		Debug|Any CPU = Debug|Any CPU
		Release|Any CPU = Release|Any CPU
	EndGlobalSection
	GlobalSection(ProjectConfigurationPlatforms) = postSolution
		{B29E68CC-60AD-4980-B463-F417A7C9059E}.Debug|Any CPU.ActiveCfg = Debug|Any CPU
		{B29E68CC-60AD-4980-B463-F417A7C9059E}.Debug|Any CPU.Build.0 = Debug|Any CPU
		{B29E68CC-60AD-4980-B463-F417A7C9059E}.Release|Any CPU.ActiveCfg = Release|Any CPU
		{B29E68CC-60AD-4980-B463-F417A7C9059E}.Release|Any CPU.Build.0 = Release|Any CPU
	EndGlobalSection
	GlobalSection(SolutionProperties) = preSolution
		HideSolutionNode = FALSE
	EndGlobalSection
	GlobalSection(ExtensibilityGlobals) = postSolution
		SolutionGuid = {A0FBB8A5-018C-41CB-8E3A-53989607049A}
	EndGlobalSection
EndGlobal
