
Microsoft Visual Studio Solution File, Format Version 12.00
# Visual Studio Version 16
VisualStudioVersion = 16.0.32929.386
MinimumVisualStudioVersion = 10.0.40219.1
Project("{FAE04EC0-301F-11D3-BF4B-00C04F79EFBC}") = "SaidaDeVariaveis", "SaidaDeVariaveis\SaidaDeVariaveis.csproj", "{D24D91B6-57EA-4140-8A23-A0ED8545C37C}"
EndProject
Global
	GlobalSection(SolutionConfigurationPlatforms) = preSolution
		Debug|Any CPU = Debug|Any CPU
		Release|Any CPU = Release|Any CPU
	EndGlobalSection
	GlobalSection(ProjectConfigurationPlatforms) = postSolution
		{D24D91B6-57EA-4140-8A23-A0ED8545C37C}.Debug|Any CPU.ActiveCfg = Debug|Any CPU
		{D24D91B6-57EA-4140-8A23-A0ED8545C37C}.Debug|Any CPU.Build.0 = Debug|Any CPU
		{D24D91B6-57EA-4140-8A23-A0ED8545C37C}.Release|Any CPU.ActiveCfg = Release|Any CPU
		{D24D91B6-57EA-4140-8A23-A0ED8545C37C}.Release|Any CPU.Build.0 = Release|Any CPU
	EndGlobalSection
	GlobalSection(SolutionProperties) = preSolution
		HideSolutionNode = FALSE
	EndGlobalSection
	GlobalSection(ExtensibilityGlobals) = postSolution
		SolutionGuid = {19CC2202-9CD5-45F7-BA1D-D463793C9E1C}
	EndGlobalSection
EndGlobal
