
Microsoft Visual Studio Solution File, Format Version 12.00
# Visual Studio Version 17
VisualStudioVersion = 17.3.32929.385
MinimumVisualStudioVersion = 10.0.40219.1
Project("{FAE04EC0-301F-11D3-BF4B-00C04F79EFBC}") = "Retangulo", "Retangulo\Retangulo.csproj", "{7AA039BA-A960-479D-9D81-4E1FAF61768A}"
EndProject
Global
	GlobalSection(SolutionConfigurationPlatforms) = preSolution
		Debug|Any CPU = Debug|Any CPU
		Debug|Default = Debug|Default
		Release|Any CPU = Release|Any CPU
		Release|Default = Release|Default
	EndGlobalSection
	GlobalSection(ProjectConfigurationPlatforms) = postSolution
		{7AA039BA-A960-479D-9D81-4E1FAF61768A}.Debug|Any CPU.ActiveCfg = Debug|Any CPU
		{7AA039BA-A960-479D-9D81-4E1FAF61768A}.Debug|Any CPU.Build.0 = Debug|Any CPU
		{7AA039BA-A960-479D-9D81-4E1FAF61768A}.Debug|Default.ActiveCfg = Debug|Any CPU
		{7AA039BA-A960-479D-9D81-4E1FAF61768A}.Debug|Default.Build.0 = Debug|Any CPU
		{7AA039BA-A960-479D-9D81-4E1FAF61768A}.Release|Any CPU.ActiveCfg = Release|Any CPU
		{7AA039BA-A960-479D-9D81-4E1FAF61768A}.Release|Any CPU.Build.0 = Release|Any CPU
		{7AA039BA-A960-479D-9D81-4E1FAF61768A}.Release|Default.ActiveCfg = Release|Any CPU
		{7AA039BA-A960-479D-9D81-4E1FAF61768A}.Release|Default.Build.0 = Release|Any CPU
	EndGlobalSection
	GlobalSection(SolutionProperties) = preSolution
		HideSolutionNode = FALSE
	EndGlobalSection
	GlobalSection(ExtensibilityGlobals) = postSolution
		SolutionGuid = {61043E6B-F617-4DBD-B67E-DFEF26297E4D}
	EndGlobalSection
	GlobalSection(SolutionConfigurationPlatforms) = preSolution
		Debug|Any CPU = Debug|Any CPU
		Debug|Default = Debug|Default
		Release|Any CPU = Release|Any CPU
		Release|Default = Release|Default
	EndGlobalSection
EndGlobal
