
Microsoft Visual Studio Solution File, Format Version 12.00
# Visual Studio Version 16
VisualStudioVersion = 16.0.32929.386
MinimumVisualStudioVersion = 10.0.40219.1
Project("{FAE04EC0-301F-11D3-BF4B-00C04F79EFBC}") = "SwitchGoto", "SwitchGoto\SwitchGoto.csproj", "{AECDEF44-6446-4D9C-873C-C2E52C034D15}"
EndProject
Global
	GlobalSection(SolutionConfigurationPlatforms) = preSolution
		Debug|Any CPU = Debug|Any CPU
		Release|Any CPU = Release|Any CPU
	EndGlobalSection
	GlobalSection(ProjectConfigurationPlatforms) = postSolution
		{AECDEF44-6446-4D9C-873C-C2E52C034D15}.Debug|Any CPU.ActiveCfg = Debug|Any CPU
		{AECDEF44-6446-4D9C-873C-C2E52C034D15}.Debug|Any CPU.Build.0 = Debug|Any CPU
		{AECDEF44-6446-4D9C-873C-C2E52C034D15}.Release|Any CPU.ActiveCfg = Release|Any CPU
		{AECDEF44-6446-4D9C-873C-C2E52C034D15}.Release|Any CPU.Build.0 = Release|Any CPU
	EndGlobalSection
	GlobalSection(SolutionProperties) = preSolution
		HideSolutionNode = FALSE
	EndGlobalSection
	GlobalSection(ExtensibilityGlobals) = postSolution
		SolutionGuid = {3A8CBB7D-61F8-4F64-9C5A-9AFB42FA6249}
	EndGlobalSection
EndGlobal
