
Microsoft Visual Studio Solution File, Format Version 12.00
# Visual Studio Version 17
VisualStudioVersion = 17.4.33110.190
MinimumVisualStudioVersion = 10.0.40219.1
Project("{FAE04EC0-301F-11D3-BF4B-00C04F79EFBC}") = "LerGravaArqtxt01", "LerGravaArqtxt01\LerGravaArqtxt01.csproj", "{3BA035E7-C1A5-462C-8DF6-852919B44E88}"
EndProject
Global
	GlobalSection(SolutionConfigurationPlatforms) = preSolution
		Debug|Any CPU = Debug|Any CPU
		Release|Any CPU = Release|Any CPU
	EndGlobalSection
	GlobalSection(ProjectConfigurationPlatforms) = postSolution
		{3BA035E7-C1A5-462C-8DF6-852919B44E88}.Debug|Any CPU.ActiveCfg = Debug|Any CPU
		{3BA035E7-C1A5-462C-8DF6-852919B44E88}.Debug|Any CPU.Build.0 = Debug|Any CPU
		{3BA035E7-C1A5-462C-8DF6-852919B44E88}.Release|Any CPU.ActiveCfg = Release|Any CPU
		{3BA035E7-C1A5-462C-8DF6-852919B44E88}.Release|Any CPU.Build.0 = Release|Any CPU
	EndGlobalSection
	GlobalSection(SolutionProperties) = preSolution
		HideSolutionNode = FALSE
	EndGlobalSection
	GlobalSection(ExtensibilityGlobals) = postSolution
		SolutionGuid = {4068CA6B-F991-44C8-A680-CF170150900A}
	EndGlobalSection
EndGlobal
